// !$*UTF8*$!
{
	archiveVersion = 1;
	classes = {
	};
	objectVersion = 56;
	objects = {

/* Begin PBXBuildFile section */
		D2E609D12B71577F004DD02E /* TouchdownApp.swift in Sources */ = {isa = PBXBuildFile; fileRef = D2E609D02B71577F004DD02E /* TouchdownApp.swift */; };
		D2E609D32B71577F004DD02E /* ContentView.swift in Sources */ = {isa = PBXBuildFile; fileRef = D2E609D22B71577F004DD02E /* ContentView.swift */; };
		D2E609D52B715785004DD02E /* Assets.xcassets in Resources */ = {isa = PBXBuildFile; fileRef = D2E609D42B715785004DD02E /* Assets.xcassets */; };
		D2E609D82B715785004DD02E /* Preview Assets.xcassets in Resources */ = {isa = PBXBuildFile; fileRef = D2E609D72B715785004DD02E /* Preview Assets.xcassets */; };
		D2E609E22B715871004DD02E /* product.json in Resources */ = {isa = PBXBuildFile; fileRef = D2E609DE2B715871004DD02E /* product.json */; };
		D2E609E32B715871004DD02E /* category.json in Resources */ = {isa = PBXBuildFile; fileRef = D2E609DF2B715871004DD02E /* category.json */; };
		D2E609E42B715871004DD02E /* player.json in Resources */ = {isa = PBXBuildFile; fileRef = D2E609E02B715871004DD02E /* player.json */; };
		D2E609E52B715871004DD02E /* brand.json in Resources */ = {isa = PBXBuildFile; fileRef = D2E609E12B715871004DD02E /* brand.json */; };
		D2E609F02B715A3E004DD02E /* Constants.swift in Sources */ = {isa = PBXBuildFile; fileRef = D2E609EF2B715A3E004DD02E /* Constants.swift */; };
		D2E609F22B715AFE004DD02E /* FooterView.swift in Sources */ = {isa = PBXBuildFile; fileRef = D2E609F12B715AFE004DD02E /* FooterView.swift */; };
		D2E609F62B716582004DD02E /* NavigationBarView.swift in Sources */ = {isa = PBXBuildFile; fileRef = D2E609F52B716582004DD02E /* NavigationBarView.swift */; };
		D2E609F82B716752004DD02E /* LogoView.swift in Sources */ = {isa = PBXBuildFile; fileRef = D2E609F72B716752004DD02E /* LogoView.swift */; };
		D2E609FC2B71749D004DD02E /* PlayerModel.swift in Sources */ = {isa = PBXBuildFile; fileRef = D2E609FB2B71749D004DD02E /* PlayerModel.swift */; };
		D2E609FE2B7174BF004DD02E /* CodableBundleExtension.swift in Sources */ = {isa = PBXBuildFile; fileRef = D2E609FD2B7174BF004DD02E /* CodableBundleExtension.swift */; };
		D2E60A002B71779E004DD02E /* FeaturedItemView.swift in Sources */ = {isa = PBXBuildFile; fileRef = D2E609FF2B71779E004DD02E /* FeaturedItemView.swift */; };
		D2E60A022B7178DC004DD02E /* FeaturedTabView.swift in Sources */ = {isa = PBXBuildFile; fileRef = D2E60A012B7178DB004DD02E /* FeaturedTabView.swift */; };
		D2E60A042B717FB8004DD02E /* CategoryModel.swift in Sources */ = {isa = PBXBuildFile; fileRef = D2E60A032B717FB8004DD02E /* CategoryModel.swift */; };
		D2E60A062B71810E004DD02E /* CategoryItemView.swift in Sources */ = {isa = PBXBuildFile; fileRef = D2E60A052B71810E004DD02E /* CategoryItemView.swift */; };
		D2E60A082B718378004DD02E /* CategoryGridView.swift in Sources */ = {isa = PBXBuildFile; fileRef = D2E60A072B718378004DD02E /* CategoryGridView.swift */; };
		D2E60A0A2B718558004DD02E /* SectionView.swift in Sources */ = {isa = PBXBuildFile; fileRef = D2E60A092B718558004DD02E /* SectionView.swift */; };
		D2E60A0C2B718EE4004DD02E /* TitleView.swift in Sources */ = {isa = PBXBuildFile; fileRef = D2E60A0B2B718EE4004DD02E /* TitleView.swift */; };
		D2E60A0E2B719082004DD02E /* ProductModel.swift in Sources */ = {isa = PBXBuildFile; fileRef = D2E60A0D2B719082004DD02E /* ProductModel.swift */; };
		D2E60A102B71910A004DD02E /* ProductItemView.swift in Sources */ = {isa = PBXBuildFile; fileRef = D2E60A0F2B71910A004DD02E /* ProductItemView.swift */; };
/* End PBXBuildFile section */

/* Begin PBXFileReference section */
		D2E609CD2B71577F004DD02E /* Touchdown.app */ = {isa = PBXFileReference; explicitFileType = wrapper.application; includeInIndex = 0; path = Touchdown.app; sourceTree = BUILT_PRODUCTS_DIR; };
		D2E609D02B71577F004DD02E /* TouchdownApp.swift */ = {isa = PBXFileReference; lastKnownFileType = sourcecode.swift; path = TouchdownApp.swift; sourceTree = "<group>"; };
		D2E609D22B71577F004DD02E /* ContentView.swift */ = {isa = PBXFileReference; lastKnownFileType = sourcecode.swift; path = ContentView.swift; sourceTree = "<group>"; };
		D2E609D42B715785004DD02E /* Assets.xcassets */ = {isa = PBXFileReference; lastKnownFileType = folder.assetcatalog; path = Assets.xcassets; sourceTree = "<group>"; };
		D2E609D72B715785004DD02E /* Preview Assets.xcassets */ = {isa = PBXFileReference; lastKnownFileType = folder.assetcatalog; path = "Preview Assets.xcassets"; sourceTree = "<group>"; };
		D2E609DE2B715871004DD02E /* product.json */ = {isa = PBXFileReference; fileEncoding = 4; lastKnownFileType = text.json; path = product.json; sourceTree = "<group>"; };
		D2E609DF2B715871004DD02E /* category.json */ = {isa = PBXFileReference; fileEncoding = 4; lastKnownFileType = text.json; path = category.json; sourceTree = "<group>"; };
		D2E609E02B715871004DD02E /* player.json */ = {isa = PBXFileReference; fileEncoding = 4; lastKnownFileType = text.json; path = player.json; sourceTree = "<group>"; };
		D2E609E12B715871004DD02E /* brand.json */ = {isa = PBXFileReference; fileEncoding = 4; lastKnownFileType = text.json; path = brand.json; sourceTree = "<group>"; };
		D2E609E72B7158E4004DD02E /* Info.plist */ = {isa = PBXFileReference; lastKnownFileType = text.plist; path = Info.plist; sourceTree = "<group>"; };
		D2E609EF2B715A3E004DD02E /* Constants.swift */ = {isa = PBXFileReference; lastKnownFileType = sourcecode.swift; path = Constants.swift; sourceTree = "<group>"; };
		D2E609F12B715AFE004DD02E /* FooterView.swift */ = {isa = PBXFileReference; lastKnownFileType = sourcecode.swift; path = FooterView.swift; sourceTree = "<group>"; };
		D2E609F52B716582004DD02E /* NavigationBarView.swift */ = {isa = PBXFileReference; lastKnownFileType = sourcecode.swift; path = NavigationBarView.swift; sourceTree = "<group>"; };
		D2E609F72B716752004DD02E /* LogoView.swift */ = {isa = PBXFileReference; lastKnownFileType = sourcecode.swift; path = LogoView.swift; sourceTree = "<group>"; };
		D2E609FB2B71749D004DD02E /* PlayerModel.swift */ = {isa = PBXFileReference; lastKnownFileType = sourcecode.swift; path = PlayerModel.swift; sourceTree = "<group>"; };
		D2E609FD2B7174BF004DD02E /* CodableBundleExtension.swift */ = {isa = PBXFileReference; lastKnownFileType = sourcecode.swift; path = CodableBundleExtension.swift; sourceTree = "<group>"; };
		D2E609FF2B71779E004DD02E /* FeaturedItemView.swift */ = {isa = PBXFileReference; lastKnownFileType = sourcecode.swift; path = FeaturedItemView.swift; sourceTree = "<group>"; };
		D2E60A012B7178DB004DD02E /* FeaturedTabView.swift */ = {isa = PBXFileReference; lastKnownFileType = sourcecode.swift; path = FeaturedTabView.swift; sourceTree = "<group>"; };
		D2E60A032B717FB8004DD02E /* CategoryModel.swift */ = {isa = PBXFileReference; lastKnownFileType = sourcecode.swift; path = CategoryModel.swift; sourceTree = "<group>"; };
		D2E60A052B71810E004DD02E /* CategoryItemView.swift */ = {isa = PBXFileReference; lastKnownFileType = sourcecode.swift; path = CategoryItemView.swift; sourceTree = "<group>"; };
		D2E60A072B718378004DD02E /* CategoryGridView.swift */ = {isa = PBXFileReference; lastKnownFileType = sourcecode.swift; path = CategoryGridView.swift; sourceTree = "<group>"; };
		D2E60A092B718558004DD02E /* SectionView.swift */ = {isa = PBXFileReference; lastKnownFileType = sourcecode.swift; path = SectionView.swift; sourceTree = "<group>"; };
		D2E60A0B2B718EE4004DD02E /* TitleView.swift */ = {isa = PBXFileReference; lastKnownFileType = sourcecode.swift; path = TitleView.swift; sourceTree = "<group>"; };
		D2E60A0D2B719082004DD02E /* ProductModel.swift */ = {isa = PBXFileReference; lastKnownFileType = sourcecode.swift; path = ProductModel.swift; sourceTree = "<group>"; };
		D2E60A0F2B71910A004DD02E /* ProductItemView.swift */ = {isa = PBXFileReference; lastKnownFileType = sourcecode.swift; path = ProductItemView.swift; sourceTree = "<group>"; };
/* End PBXFileReference section */

/* Begin PBXFrameworksBuildPhase section */
		D2E609CA2B71577F004DD02E /* Frameworks */ = {
			isa = PBXFrameworksBuildPhase;
			buildActionMask = 2147483647;
			files = (
			);
			runOnlyForDeploymentPostprocessing = 0;
		};
/* End PBXFrameworksBuildPhase section */

/* Begin PBXGroup section */
		D2E609C42B71577F004DD02E = {
			isa = PBXGroup;
			children = (
				D2E609CF2B71577F004DD02E /* Touchdown */,
				D2E609CE2B71577F004DD02E /* Products */,
			);
			sourceTree = "<group>";
		};
		D2E609CE2B71577F004DD02E /* Products */ = {
			isa = PBXGroup;
			children = (
				D2E609CD2B71577F004DD02E /* Touchdown.app */,
			);
			name = Products;
			sourceTree = "<group>";
		};
		D2E609CF2B71577F004DD02E /* Touchdown */ = {
			isa = PBXGroup;
			children = (
				D2E609EE2B715A11004DD02E /* Utilitys */,
				D2E609ED2B7159F8004DD02E /* Extensions */,
				D2E609EC2B7159F3004DD02E /* Models */,
				D2E609E92B7159D1004DD02E /* Views */,
				D2E609E72B7158E4004DD02E /* Info.plist */,
				D2E609E62B71587D004DD02E /* Data */,
				D2E609E82B7159C2004DD02E /* App */,
				D2E609D42B715785004DD02E /* Assets.xcassets */,
				D2E609D62B715785004DD02E /* Preview Content */,
			);
			path = Touchdown;
			sourceTree = "<group>";
		};
		D2E609D62B715785004DD02E /* Preview Content */ = {
			isa = PBXGroup;
			children = (
				D2E609D72B715785004DD02E /* Preview Assets.xcassets */,
			);
			path = "Preview Content";
			sourceTree = "<group>";
		};
		D2E609E62B71587D004DD02E /* Data */ = {
			isa = PBXGroup;
			children = (
				D2E609E12B715871004DD02E /* brand.json */,
				D2E609DF2B715871004DD02E /* category.json */,
				D2E609E02B715871004DD02E /* player.json */,
				D2E609DE2B715871004DD02E /* product.json */,
			);
			path = Data;
			sourceTree = "<group>";
		};
		D2E609E82B7159C2004DD02E /* App */ = {
			isa = PBXGroup;
			children = (
				D2E609D02B71577F004DD02E /* TouchdownApp.swift */,
				D2E609D22B71577F004DD02E /* ContentView.swift */,
			);
			path = App;
			sourceTree = "<group>";
		};
		D2E609E92B7159D1004DD02E /* Views */ = {
			isa = PBXGroup;
			children = (
				D2E609EB2B7159E6004DD02E /* Detail */,
				D2E609EA2B7159DB004DD02E /* Home */,
			);
			path = Views;
			sourceTree = "<group>";
		};
		D2E609EA2B7159DB004DD02E /* Home */ = {
			isa = PBXGroup;
			children = (
				D2E609F12B715AFE004DD02E /* FooterView.swift */,
				D2E609F52B716582004DD02E /* NavigationBarView.swift */,
				D2E609F72B716752004DD02E /* LogoView.swift */,
				D2E609FF2B71779E004DD02E /* FeaturedItemView.swift */,
				D2E60A012B7178DB004DD02E /* FeaturedTabView.swift */,
				D2E60A052B71810E004DD02E /* CategoryItemView.swift */,
				D2E60A072B718378004DD02E /* CategoryGridView.swift */,
				D2E60A092B718558004DD02E /* SectionView.swift */,
				D2E60A0B2B718EE4004DD02E /* TitleView.swift */,
				D2E60A0F2B71910A004DD02E /* ProductItemView.swift */,
			);
			path = Home;
			sourceTree = "<group>";
		};
		D2E609EB2B7159E6004DD02E /* Detail */ = {
			isa = PBXGroup;
			children = (
			);
			path = Detail;
			sourceTree = "<group>";
		};
		D2E609EC2B7159F3004DD02E /* Models */ = {
			isa = PBXGroup;
			children = (
				D2E609FB2B71749D004DD02E /* PlayerModel.swift */,
				D2E60A032B717FB8004DD02E /* CategoryModel.swift */,
				D2E60A0D2B719082004DD02E /* ProductModel.swift */,
			);
			path = Models;
			sourceTree = "<group>";
		};
		D2E609ED2B7159F8004DD02E /* Extensions */ = {
			isa = PBXGroup;
			children = (
				D2E609FD2B7174BF004DD02E /* CodableBundleExtension.swift */,
			);
			path = Extensions;
			sourceTree = "<group>";
		};
		D2E609EE2B715A11004DD02E /* Utilitys */ = {
			isa = PBXGroup;
			children = (
				D2E609EF2B715A3E004DD02E /* Constants.swift */,
			);
			path = Utilitys;
			sourceTree = "<group>";
		};
/* End PBXGroup section */

/* Begin PBXNativeTarget section */
		D2E609CC2B71577F004DD02E /* Touchdown */ = {
			isa = PBXNativeTarget;
			buildConfigurationList = D2E609DB2B715785004DD02E /* Build configuration list for PBXNativeTarget "Touchdown" */;
			buildPhases = (
				D2E609C92B71577F004DD02E /* Sources */,
				D2E609CA2B71577F004DD02E /* Frameworks */,
				D2E609CB2B71577F004DD02E /* Resources */,
			);
			buildRules = (
			);
			dependencies = (
			);
			name = Touchdown;
			productName = Touchdown;
			productReference = D2E609CD2B71577F004DD02E /* Touchdown.app */;
			productType = "com.apple.product-type.application";
		};
/* End PBXNativeTarget section */

/* Begin PBXProject section */
		D2E609C52B71577F004DD02E /* Project object */ = {
			isa = PBXProject;
			attributes = {
				BuildIndependentTargetsInParallel = 1;
				LastSwiftUpdateCheck = 1520;
				LastUpgradeCheck = 1520;
				TargetAttributes = {
					D2E609CC2B71577F004DD02E = {
						CreatedOnToolsVersion = 15.2;
					};
				};
			};
			buildConfigurationList = D2E609C82B71577F004DD02E /* Build configuration list for PBXProject "Touchdown" */;
			compatibilityVersion = "Xcode 14.0";
			developmentRegion = en;
			hasScannedForEncodings = 0;
			knownRegions = (
				en,
				Base,
			);
			mainGroup = D2E609C42B71577F004DD02E;
			productRefGroup = D2E609CE2B71577F004DD02E /* Products */;
			projectDirPath = "";
			projectRoot = "";
			targets = (
				D2E609CC2B71577F004DD02E /* Touchdown */,
			);
		};
/* End PBXProject section */

/* Begin PBXResourcesBuildPhase section */
		D2E609CB2B71577F004DD02E /* Resources */ = {
			isa = PBXResourcesBuildPhase;
			buildActionMask = 2147483647;
			files = (
				D2E609E42B715871004DD02E /* player.json in Resources */,
				D2E609D82B715785004DD02E /* Preview Assets.xcassets in Resources */,
				D2E609D52B715785004DD02E /* Assets.xcassets in Resources */,
				D2E609E22B715871004DD02E /* product.json in Resources */,
				D2E609E32B715871004DD02E /* category.json in Resources */,
				D2E609E52B715871004DD02E /* brand.json in Resources */,
			);
			runOnlyForDeploymentPostprocessing = 0;
		};
/* End PBXResourcesBuildPhase section */

/* Begin PBXSourcesBuildPhase section */
		D2E609C92B71577F004DD02E /* Sources */ = {
			isa = PBXSourcesBuildPhase;
			buildActionMask = 2147483647;
			files = (
				D2E609FE2B7174BF004DD02E /* CodableBundleExtension.swift in Sources */,
				D2E609D32B71577F004DD02E /* ContentView.swift in Sources */,
				D2E609F82B716752004DD02E /* LogoView.swift in Sources */,
				D2E609F22B715AFE004DD02E /* FooterView.swift in Sources */,
				D2E60A002B71779E004DD02E /* FeaturedItemView.swift in Sources */,
				D2E60A102B71910A004DD02E /* ProductItemView.swift in Sources */,
				D2E609D12B71577F004DD02E /* TouchdownApp.swift in Sources */,
				D2E609F02B715A3E004DD02E /* Constants.swift in Sources */,
				D2E60A082B718378004DD02E /* CategoryGridView.swift in Sources */,
				D2E60A042B717FB8004DD02E /* CategoryModel.swift in Sources */,
				D2E609F62B716582004DD02E /* NavigationBarView.swift in Sources */,
				D2E60A0A2B718558004DD02E /* SectionView.swift in Sources */,
				D2E60A062B71810E004DD02E /* CategoryItemView.swift in Sources */,
				D2E60A022B7178DC004DD02E /* FeaturedTabView.swift in Sources */,
				D2E609FC2B71749D004DD02E /* PlayerModel.swift in Sources */,
				D2E60A0C2B718EE4004DD02E /* TitleView.swift in Sources */,
				D2E60A0E2B719082004DD02E /* ProductModel.swift in Sources */,
			);
			runOnlyForDeploymentPostprocessing = 0;
		};
/* End PBXSourcesBuildPhase section */

/* Begin XCBuildConfiguration section */
		D2E609D92B715785004DD02E /* Debug */ = {
			isa = XCBuildConfiguration;
			buildSettings = {
				ALWAYS_SEARCH_USER_PATHS = NO;
				ASSETCATALOG_COMPILER_GENERATE_SWIFT_ASSET_SYMBOL_EXTENSIONS = YES;
				CLANG_ANALYZER_NONNULL = YES;
				CLANG_ANALYZER_NUMBER_OBJECT_CONVERSION = YES_AGGRESSIVE;
				CLANG_CXX_LANGUAGE_STANDARD = "gnu++20";
				CLANG_ENABLE_MODULES = YES;
				CLANG_ENABLE_OBJC_ARC = YES;
				CLANG_ENABLE_OBJC_WEAK = YES;
				CLANG_WARN_BLOCK_CAPTURE_AUTORELEASING = YES;
				CLANG_WARN_BOOL_CONVERSION = YES;
				CLANG_WARN_COMMA = YES;
				CLANG_WARN_CONSTANT_CONVERSION = YES;
				CLANG_WARN_DEPRECATED_OBJC_IMPLEMENTATIONS = YES;
				CLANG_WARN_DIRECT_OBJC_ISA_USAGE = YES_ERROR;
				CLANG_WARN_DOCUMENTATION_COMMENTS = YES;
				CLANG_WARN_EMPTY_BODY = YES;
				CLANG_WARN_ENUM_CONVERSION = YES;
				CLANG_WARN_INFINITE_RECURSION = YES;
				CLANG_WARN_INT_CONVERSION = YES;
				CLANG_WARN_NON_LITERAL_NULL_CONVERSION = YES;
				CLANG_WARN_OBJC_IMPLICIT_RETAIN_SELF = YES;
				CLANG_WARN_OBJC_LITERAL_CONVERSION = YES;
				CLANG_WARN_OBJC_ROOT_CLASS = YES_ERROR;
				CLANG_WARN_QUOTED_INCLUDE_IN_FRAMEWORK_HEADER = YES;
				CLANG_WARN_RANGE_LOOP_ANALYSIS = YES;
				CLANG_WARN_STRICT_PROTOTYPES = YES;
				CLANG_WARN_SUSPICIOUS_MOVE = YES;
				CLANG_WARN_UNGUARDED_AVAILABILITY = YES_AGGRESSIVE;
				CLANG_WARN_UNREACHABLE_CODE = YES;
				CLANG_WARN__DUPLICATE_METHOD_MATCH = YES;
				COPY_PHASE_STRIP = NO;
				DEBUG_INFORMATION_FORMAT = dwarf;
				ENABLE_STRICT_OBJC_MSGSEND = YES;
				ENABLE_TESTABILITY = YES;
				ENABLE_USER_SCRIPT_SANDBOXING = YES;
				GCC_C_LANGUAGE_STANDARD = gnu17;
				GCC_DYNAMIC_NO_PIC = NO;
				GCC_NO_COMMON_BLOCKS = YES;
				GCC_OPTIMIZATION_LEVEL = 0;
				GCC_PREPROCESSOR_DEFINITIONS = (
					"DEBUG=1",
					"$(inherited)",
				);
				GCC_WARN_64_TO_32_BIT_CONVERSION = YES;
				GCC_WARN_ABOUT_RETURN_TYPE = YES_ERROR;
				GCC_WARN_UNDECLARED_SELECTOR = YES;
				GCC_WARN_UNINITIALIZED_AUTOS = YES_AGGRESSIVE;
				GCC_WARN_UNUSED_FUNCTION = YES;
				GCC_WARN_UNUSED_VARIABLE = YES;
				IPHONEOS_DEPLOYMENT_TARGET = 17.2;
				LOCALIZATION_PREFERS_STRING_CATALOGS = YES;
				MTL_ENABLE_DEBUG_INFO = INCLUDE_SOURCE;
				MTL_FAST_MATH = YES;
				ONLY_ACTIVE_ARCH = YES;
				SDKROOT = iphoneos;
				SWIFT_ACTIVE_COMPILATION_CONDITIONS = "DEBUG $(inherited)";
				SWIFT_OPTIMIZATION_LEVEL = "-Onone";
			};
			name = Debug;
		};
		D2E609DA2B715785004DD02E /* Release */ = {
			isa = XCBuildConfiguration;
			buildSettings = {
				ALWAYS_SEARCH_USER_PATHS = NO;
				ASSETCATALOG_COMPILER_GENERATE_SWIFT_ASSET_SYMBOL_EXTENSIONS = YES;
				CLANG_ANALYZER_NONNULL = YES;
				CLANG_ANALYZER_NUMBER_OBJECT_CONVERSION = YES_AGGRESSIVE;
				CLANG_CXX_LANGUAGE_STANDARD = "gnu++20";
				CLANG_ENABLE_MODULES = YES;
				CLANG_ENABLE_OBJC_ARC = YES;
				CLANG_ENABLE_OBJC_WEAK = YES;
				CLANG_WARN_BLOCK_CAPTURE_AUTORELEASING = YES;
				CLANG_WARN_BOOL_CONVERSION = YES;
				CLANG_WARN_COMMA = YES;
				CLANG_WARN_CONSTANT_CONVERSION = YES;
				CLANG_WARN_DEPRECATED_OBJC_IMPLEMENTATIONS = YES;
				CLANG_WARN_DIRECT_OBJC_ISA_USAGE = YES_ERROR;
				CLANG_WARN_DOCUMENTATION_COMMENTS = YES;
				CLANG_WARN_EMPTY_BODY = YES;
				CLANG_WARN_ENUM_CONVERSION = YES;
				CLANG_WARN_INFINITE_RECURSION = YES;
				CLANG_WARN_INT_CONVERSION = YES;
				CLANG_WARN_NON_LITERAL_NULL_CONVERSION = YES;
				CLANG_WARN_OBJC_IMPLICIT_RETAIN_SELF = YES;
				CLANG_WARN_OBJC_LITERAL_CONVERSION = YES;
				CLANG_WARN_OBJC_ROOT_CLASS = YES_ERROR;
				CLANG_WARN_QUOTED_INCLUDE_IN_FRAMEWORK_HEADER = YES;
				CLANG_WARN_RANGE_LOOP_ANALYSIS = YES;
				CLANG_WARN_STRICT_PROTOTYPES = YES;
				CLANG_WARN_SUSPICIOUS_MOVE = YES;
				CLANG_WARN_UNGUARDED_AVAILABILITY = YES_AGGRESSIVE;
				CLANG_WARN_UNREACHABLE_CODE = YES;
				CLANG_WARN__DUPLICATE_METHOD_MATCH = YES;
				COPY_PHASE_STRIP = NO;
				DEBUG_INFORMATION_FORMAT = "dwarf-with-dsym";
				ENABLE_NS_ASSERTIONS = NO;
				ENABLE_STRICT_OBJC_MSGSEND = YES;
				ENABLE_USER_SCRIPT_SANDBOXING = YES;
				GCC_C_LANGUAGE_STANDARD = gnu17;
				GCC_NO_COMMON_BLOCKS = YES;
				GCC_WARN_64_TO_32_BIT_CONVERSION = YES;
				GCC_WARN_ABOUT_RETURN_TYPE = YES_ERROR;
				GCC_WARN_UNDECLARED_SELECTOR = YES;
				GCC_WARN_UNINITIALIZED_AUTOS = YES_AGGRESSIVE;
				GCC_WARN_UNUSED_FUNCTION = YES;
				GCC_WARN_UNUSED_VARIABLE = YES;
				IPHONEOS_DEPLOYMENT_TARGET = 17.2;
				LOCALIZATION_PREFERS_STRING_CATALOGS = YES;
				MTL_ENABLE_DEBUG_INFO = NO;
				MTL_FAST_MATH = YES;
				SDKROOT = iphoneos;
				SWIFT_COMPILATION_MODE = wholemodule;
				VALIDATE_PRODUCT = YES;
			};
			name = Release;
		};
		D2E609DC2B715785004DD02E /* Debug */ = {
			isa = XCBuildConfiguration;
			buildSettings = {
				ASSETCATALOG_COMPILER_APPICON_NAME = AppIcon;
				ASSETCATALOG_COMPILER_GLOBAL_ACCENT_COLOR_NAME = AccentColor;
				CODE_SIGN_STYLE = Automatic;
				CURRENT_PROJECT_VERSION = 1;
				DEVELOPMENT_ASSET_PATHS = "\"Touchdown/Preview Content\"";
				DEVELOPMENT_TEAM = K6M8KNJT3U;
				ENABLE_PREVIEWS = YES;
				GENERATE_INFOPLIST_FILE = YES;
				INFOPLIST_FILE = Touchdown/Info.plist;
				INFOPLIST_KEY_UIApplicationSceneManifest_Generation = YES;
				INFOPLIST_KEY_UIApplicationSupportsIndirectInputEvents = YES;
				INFOPLIST_KEY_UISupportedInterfaceOrientations = UIInterfaceOrientationPortrait;
				INFOPLIST_KEY_UISupportedInterfaceOrientations_iPad = "UIInterfaceOrientationPortrait UIInterfaceOrientationPortraitUpsideDown";
				INFOPLIST_KEY_UIUserInterfaceStyle = Light;
				LD_RUNPATH_SEARCH_PATHS = (
					"$(inherited)",
					"@executable_path/Frameworks",
				);
				MARKETING_VERSION = 1.0;
				PRODUCT_BUNDLE_IDENTIFIER = com.SevenSoftware.Touchdown;
				PRODUCT_NAME = "$(TARGET_NAME)";
				SWIFT_EMIT_LOC_STRINGS = YES;
				SWIFT_VERSION = 5.0;
				TARGETED_DEVICE_FAMILY = "1,2";
			};
			name = Debug;
		};
		D2E609DD2B715785004DD02E /* Release */ = {
			isa = XCBuildConfiguration;
			buildSettings = {
				ASSETCATALOG_COMPILER_APPICON_NAME = AppIcon;
				ASSETCATALOG_COMPILER_GLOBAL_ACCENT_COLOR_NAME = AccentColor;
				CODE_SIGN_STYLE = Automatic;
				CURRENT_PROJECT_VERSION = 1;
				DEVELOPMENT_ASSET_PATHS = "\"Touchdown/Preview Content\"";
				DEVELOPMENT_TEAM = K6M8KNJT3U;
				ENABLE_PREVIEWS = YES;
				GENERATE_INFOPLIST_FILE = YES;
				INFOPLIST_FILE = Touchdown/Info.plist;
				INFOPLIST_KEY_UIApplicationSceneManifest_Generation = YES;
				INFOPLIST_KEY_UIApplicationSupportsIndirectInputEvents = YES;
				INFOPLIST_KEY_UISupportedInterfaceOrientations = UIInterfaceOrientationPortrait;
				INFOPLIST_KEY_UISupportedInterfaceOrientations_iPad = "UIInterfaceOrientationPortrait UIInterfaceOrientationPortraitUpsideDown";
				INFOPLIST_KEY_UIUserInterfaceStyle = Light;
				LD_RUNPATH_SEARCH_PATHS = (
					"$(inherited)",
					"@executable_path/Frameworks",
				);
				MARKETING_VERSION = 1.0;
				PRODUCT_BUNDLE_IDENTIFIER = com.SevenSoftware.Touchdown;
				PRODUCT_NAME = "$(TARGET_NAME)";
				SWIFT_EMIT_LOC_STRINGS = YES;
				SWIFT_VERSION = 5.0;
				TARGETED_DEVICE_FAMILY = "1,2";
			};
			name = Release;
		};
/* End XCBuildConfiguration section */

/* Begin XCConfigurationList section */
		D2E609C82B71577F004DD02E /* Build configuration list for PBXProject "Touchdown" */ = {
			isa = XCConfigurationList;
			buildConfigurations = (
				D2E609D92B715785004DD02E /* Debug */,
				D2E609DA2B715785004DD02E /* Release */,
			);
			defaultConfigurationIsVisible = 0;
			defaultConfigurationName = Release;
		};
		D2E609DB2B715785004DD02E /* Build configuration list for PBXNativeTarget "Touchdown" */ = {
			isa = XCConfigurationList;
			buildConfigurations = (
				D2E609DC2B715785004DD02E /* Debug */,
				D2E609DD2B715785004DD02E /* Release */,
			);
			defaultConfigurationIsVisible = 0;
			defaultConfigurationName = Release;
		};
/* End XCConfigurationList section */
	};
	rootObject = D2E609C52B71577F004DD02E /* Project object */;
}
